
Microsoft Visual Studio Solution File, Format Version 12.00
# Visual Studio 14
VisualStudioVersion = 14.0.25420.1
MinimumVisualStudioVersion = 10.0.40219.1
Project("{2150E333-8FDC-42A3-9474-1A3956D46DE8}") = "Engine", "Engine", "{5E3473EF-1578-46AD-837E-F16D21736288}"
EndProject
Project("{2150E333-8FDC-42A3-9474-1A3956D46DE8}") = "Games", "Games", "{ABF6DA04-464F-4A26-9C1E-C0F29771CCEC}"
EndProject
Project("{8BC9CEB8-8B4A-11D0-8D11-00A0C91BC942}") = "UE4", "Intermediate\ProjectFiles\UE4.vcxproj", "{6DC83648-581F-4CF2-AF61-00A14253799C}"
EndProject
Project("{8BC9CEB8-8B4A-11D0-8D11-00A0C91BC942}") = "Pong", "Intermediate\ProjectFiles\Pong.vcxproj", "{8F8CC90B-6EAA-4361-85B9-683265142803}"
EndProject
Global
	GlobalSection(SolutionConfigurationPlatforms) = preSolution
		DebugGame Editor|HTML5 = DebugGame Editor|HTML5
		DebugGame Editor|Win32 = DebugGame Editor|Win32
		DebugGame Editor|Win64 = DebugGame Editor|Win64
		DebugGame|HTML5 = DebugGame|HTML5
		DebugGame|Win32 = DebugGame|Win32
		DebugGame|Win64 = DebugGame|Win64
		Development Editor|HTML5 = Development Editor|HTML5
		Development Editor|Win32 = Development Editor|Win32
		Development Editor|Win64 = Development Editor|Win64
		Development|HTML5 = Development|HTML5
		Development|Win32 = Development|Win32
		Development|Win64 = Development|Win64
		Shipping|HTML5 = Shipping|HTML5
		Shipping|Win32 = Shipping|Win32
		Shipping|Win64 = Shipping|Win64
	EndGlobalSection
	GlobalSection(ProjectConfigurationPlatforms) = postSolution
		{6DC83648-581F-4CF2-AF61-00A14253799C}.DebugGame Editor|HTML5.ActiveCfg = BuiltWithUnrealBuildTool|Win32
		{6DC83648-581F-4CF2-AF61-00A14253799C}.DebugGame Editor|HTML5.Build.0 = BuiltWithUnrealBuildTool|Win32
		{6DC83648-581F-4CF2-AF61-00A14253799C}.DebugGame Editor|Win32.ActiveCfg = BuiltWithUnrealBuildTool|Win32
		{6DC83648-581F-4CF2-AF61-00A14253799C}.DebugGame Editor|Win32.Build.0 = BuiltWithUnrealBuildTool|Win32
		{6DC83648-581F-4CF2-AF61-00A14253799C}.DebugGame Editor|Win64.ActiveCfg = BuiltWithUnrealBuildTool|Win32
		{6DC83648-581F-4CF2-AF61-00A14253799C}.DebugGame Editor|Win64.Build.0 = BuiltWithUnrealBuildTool|Win32
		{6DC83648-581F-4CF2-AF61-00A14253799C}.DebugGame|HTML5.ActiveCfg = BuiltWithUnrealBuildTool|Win32
		{6DC83648-581F-4CF2-AF61-00A14253799C}.DebugGame|HTML5.Build.0 = BuiltWithUnrealBuildTool|Win32
		{6DC83648-581F-4CF2-AF61-00A14253799C}.DebugGame|Win32.ActiveCfg = BuiltWithUnrealBuildTool|Win32
		{6DC83648-581F-4CF2-AF61-00A14253799C}.DebugGame|Win32.Build.0 = BuiltWithUnrealBuildTool|Win32
		{6DC83648-581F-4CF2-AF61-00A14253799C}.DebugGame|Win64.ActiveCfg = BuiltWithUnrealBuildTool|Win32
		{6DC83648-581F-4CF2-AF61-00A14253799C}.DebugGame|Win64.Build.0 = BuiltWithUnrealBuildTool|Win32
		{6DC83648-581F-4CF2-AF61-00A14253799C}.Development Editor|HTML5.ActiveCfg = BuiltWithUnrealBuildTool|Win32
		{6DC83648-581F-4CF2-AF61-00A14253799C}.Development Editor|HTML5.Build.0 = BuiltWithUnrealBuildTool|Win32
		{6DC83648-581F-4CF2-AF61-00A14253799C}.Development Editor|Win32.ActiveCfg = BuiltWithUnrealBuildTool|Win32
		{6DC83648-581F-4CF2-AF61-00A14253799C}.Development Editor|Win32.Build.0 = BuiltWithUnrealBuildTool|Win32
		{6DC83648-581F-4CF2-AF61-00A14253799C}.Development Editor|Win64.ActiveCfg = BuiltWithUnrealBuildTool|Win32
		{6DC83648-581F-4CF2-AF61-00A14253799C}.Development Editor|Win64.Build.0 = BuiltWithUnrealBuildTool|Win32
		{6DC83648-581F-4CF2-AF61-00A14253799C}.Development|HTML5.ActiveCfg = BuiltWithUnrealBuildTool|Win32
		{6DC83648-581F-4CF2-AF61-00A14253799C}.Development|HTML5.Build.0 = BuiltWithUnrealBuildTool|Win32
		{6DC83648-581F-4CF2-AF61-00A14253799C}.Development|Win32.ActiveCfg = BuiltWithUnrealBuildTool|Win32
		{6DC83648-581F-4CF2-AF61-00A14253799C}.Development|Win32.Build.0 = BuiltWithUnrealBuildTool|Win32
		{6DC83648-581F-4CF2-AF61-00A14253799C}.Development|Win64.ActiveCfg = BuiltWithUnrealBuildTool|Win32
		{6DC83648-581F-4CF2-AF61-00A14253799C}.Development|Win64.Build.0 = BuiltWithUnrealBuildTool|Win32
		{6DC83648-581F-4CF2-AF61-00A14253799C}.Shipping|HTML5.ActiveCfg = BuiltWithUnrealBuildTool|Win32
		{6DC83648-581F-4CF2-AF61-00A14253799C}.Shipping|HTML5.Build.0 = BuiltWithUnrealBuildTool|Win32
		{6DC83648-581F-4CF2-AF61-00A14253799C}.Shipping|Win32.ActiveCfg = BuiltWithUnrealBuildTool|Win32
		{6DC83648-581F-4CF2-AF61-00A14253799C}.Shipping|Win32.Build.0 = BuiltWithUnrealBuildTool|Win32
		{6DC83648-581F-4CF2-AF61-00A14253799C}.Shipping|Win64.ActiveCfg = BuiltWithUnrealBuildTool|Win32
		{6DC83648-581F-4CF2-AF61-00A14253799C}.Shipping|Win64.Build.0 = BuiltWithUnrealBuildTool|Win32
		{8F8CC90B-6EAA-4361-85B9-683265142803}.DebugGame Editor|HTML5.ActiveCfg = HTML5_DebugGame_Editor|Win32
		{8F8CC90B-6EAA-4361-85B9-683265142803}.DebugGame Editor|Win32.ActiveCfg = DebugGame_Editor|Win32
		{8F8CC90B-6EAA-4361-85B9-683265142803}.DebugGame Editor|Win64.ActiveCfg = DebugGame_Editor|x64
		{8F8CC90B-6EAA-4361-85B9-683265142803}.DebugGame Editor|Win64.Build.0 = DebugGame_Editor|x64
		{8F8CC90B-6EAA-4361-85B9-683265142803}.DebugGame|HTML5.ActiveCfg = HTML5_DebugGame_Game|Win32
		{8F8CC90B-6EAA-4361-85B9-683265142803}.DebugGame|HTML5.Build.0 = HTML5_DebugGame_Game|Win32
		{8F8CC90B-6EAA-4361-85B9-683265142803}.DebugGame|Win32.ActiveCfg = DebugGame_Game|Win32
		{8F8CC90B-6EAA-4361-85B9-683265142803}.DebugGame|Win32.Build.0 = DebugGame_Game|Win32
		{8F8CC90B-6EAA-4361-85B9-683265142803}.DebugGame|Win64.ActiveCfg = DebugGame_Game|x64
		{8F8CC90B-6EAA-4361-85B9-683265142803}.DebugGame|Win64.Build.0 = DebugGame_Game|x64
		{8F8CC90B-6EAA-4361-85B9-683265142803}.Development Editor|HTML5.ActiveCfg = HTML5_Development_Editor|Win32
		{8F8CC90B-6EAA-4361-85B9-683265142803}.Development Editor|Win32.ActiveCfg = Development_Editor|Win32
		{8F8CC90B-6EAA-4361-85B9-683265142803}.Development Editor|Win64.ActiveCfg = Development_Editor|x64
		{8F8CC90B-6EAA-4361-85B9-683265142803}.Development Editor|Win64.Build.0 = Development_Editor|x64
		{8F8CC90B-6EAA-4361-85B9-683265142803}.Development|HTML5.ActiveCfg = HTML5_Development_Game|Win32
		{8F8CC90B-6EAA-4361-85B9-683265142803}.Development|HTML5.Build.0 = HTML5_Development_Game|Win32
		{8F8CC90B-6EAA-4361-85B9-683265142803}.Development|Win32.ActiveCfg = Development_Game|Win32
		{8F8CC90B-6EAA-4361-85B9-683265142803}.Development|Win32.Build.0 = Development_Game|Win32
		{8F8CC90B-6EAA-4361-85B9-683265142803}.Development|Win64.ActiveCfg = Development_Game|x64
		{8F8CC90B-6EAA-4361-85B9-683265142803}.Development|Win64.Build.0 = Development_Game|x64
		{8F8CC90B-6EAA-4361-85B9-683265142803}.Shipping|HTML5.ActiveCfg = HTML5_Shipping_Game|Win32
		{8F8CC90B-6EAA-4361-85B9-683265142803}.Shipping|HTML5.Build.0 = HTML5_Shipping_Game|Win32
		{8F8CC90B-6EAA-4361-85B9-683265142803}.Shipping|Win32.ActiveCfg = Shipping_Game|Win32
		{8F8CC90B-6EAA-4361-85B9-683265142803}.Shipping|Win32.Build.0 = Shipping_Game|Win32
		{8F8CC90B-6EAA-4361-85B9-683265142803}.Shipping|Win64.ActiveCfg = Shipping_Game|x64
		{8F8CC90B-6EAA-4361-85B9-683265142803}.Shipping|Win64.Build.0 = Shipping_Game|x64
	EndGlobalSection
	GlobalSection(SolutionProperties) = preSolution
		HideSolutionNode = FALSE
	EndGlobalSection
	GlobalSection(NestedProjects) = preSolution
		{6DC83648-581F-4CF2-AF61-00A14253799C} = {5E3473EF-1578-46AD-837E-F16D21736288}
		{8F8CC90B-6EAA-4361-85B9-683265142803} = {ABF6DA04-464F-4A26-9C1E-C0F29771CCEC}
	EndGlobalSection
EndGlobal
